
Microsoft Visual Studio Solution File, Format Version 12.00
# Visual Studio Version 17
VisualStudioVersion = 17.5.002.0
MinimumVisualStudioVersion = 10.0.40219.1
Project("{9A19103F-16F7-4668-BE54-9A1E7A4F7556}") = "ReverseInteger", "ReverseInteger.csproj", "{962513EF-208F-44FF-ACD4-357529B8FA85}"
EndProject
Global
	GlobalSection(SolutionConfigurationPlatforms) = preSolution
		Debug|Any CPU = Debug|Any CPU
		Release|Any CPU = Release|Any CPU
	EndGlobalSection
	GlobalSection(ProjectConfigurationPlatforms) = postSolution
		{962513EF-208F-44FF-ACD4-357529B8FA85}.Debug|Any CPU.ActiveCfg = Debug|Any CPU
		{962513EF-208F-44FF-ACD4-357529B8FA85}.Debug|Any CPU.Build.0 = Debug|Any CPU
		{962513EF-208F-44FF-ACD4-357529B8FA85}.Release|Any CPU.ActiveCfg = Release|Any CPU
		{962513EF-208F-44FF-ACD4-357529B8FA85}.Release|Any CPU.Build.0 = Release|Any CPU
	EndGlobalSection
	GlobalSection(SolutionProperties) = preSolution
		HideSolutionNode = FALSE
	EndGlobalSection
	GlobalSection(ExtensibilityGlobals) = postSolution
		SolutionGuid = {20C8046B-D21A-4EA9-ADC8-AE43CC933D99}
	EndGlobalSection
EndGlobal
