Microsoft Visual Studio Solution File, Format Version 12.00
# Visual Studio Version 17
VisualStudioVersion = 17.5.2.0
MinimumVisualStudioVersion = 10.0.40219.1
Project("{FAE04EC0-301F-11D3-BF4B-00C04F79EFBC}") = "plusMinus", "plusMinus.csproj", "{624EA743-7102-3071-0BCA-B61627D1B331}"
EndProject
Global
	GlobalSection(SolutionConfigurationPlatforms) = preSolution
		Debug|Any CPU = Debug|Any CPU
		Release|Any CPU = Release|Any CPU
	EndGlobalSection
	GlobalSection(ProjectConfigurationPlatforms) = postSolution
		{624EA743-7102-3071-0BCA-B61627D1B331}.Debug|Any CPU.ActiveCfg = Debug|Any CPU
		{624EA743-7102-3071-0BCA-B61627D1B331}.Debug|Any CPU.Build.0 = Debug|Any CPU
		{624EA743-7102-3071-0BCA-B61627D1B331}.Release|Any CPU.ActiveCfg = Release|Any CPU
		{624EA743-7102-3071-0BCA-B61627D1B331}.Release|Any CPU.Build.0 = Release|Any CPU
	EndGlobalSection
	GlobalSection(SolutionProperties) = preSolution
		HideSolutionNode = FALSE
	EndGlobalSection
	GlobalSection(ExtensibilityGlobals) = postSolution
		SolutionGuid = {957B42FA-F9CC-4293-B38F-7EA439106231}
	EndGlobalSection
EndGlobal
